
Microsoft Visual Studio Solution File, Format Version 12.00
# Visual Studio Version 17
VisualStudioVersion = 17.2.32630.192
MinimumVisualStudioVersion = 10.0.40219.1
Project("{FAE04EC0-301F-11D3-BF4B-00C04F79EFBC}") = "DisableWakeArmedDevices.WorkerService", "DisableWakeArmedDevices.WorkerService\DisableWakeArmedDevices.WorkerService.csproj", "{60D88DE8-1FB5-4109-9610-2835CC329260}"
EndProject
Global
	GlobalSection(SolutionConfigurationPlatforms) = preSolution
		Debug|Any CPU = Debug|Any CPU
		Release|Any CPU = Release|Any CPU
	EndGlobalSection
	GlobalSection(ProjectConfigurationPlatforms) = postSolution
		{60D88DE8-1FB5-4109-9610-2835CC329260}.Debug|Any CPU.ActiveCfg = Debug|Any CPU
		{60D88DE8-1FB5-4109-9610-2835CC329260}.Debug|Any CPU.Build.0 = Debug|Any CPU
		{60D88DE8-1FB5-4109-9610-2835CC329260}.Release|Any CPU.ActiveCfg = Release|Any CPU
		{60D88DE8-1FB5-4109-9610-2835CC329260}.Release|Any CPU.Build.0 = Release|Any CPU
	EndGlobalSection
	GlobalSection(SolutionProperties) = preSolution
		HideSolutionNode = FALSE
	EndGlobalSection
	GlobalSection(ExtensibilityGlobals) = postSolution
		SolutionGuid = {81ED8B7E-BA56-4B73-9FD7-D039203A2FAB}
	EndGlobalSection
EndGlobal
